// !$*UTF8*$!
{
	archiveVersion = 1;
	classes = {
	};
	objectVersion = 46;
	objects = {

/* Begin PBXBuildFile section */
		84229BB21EC00DC70015DA95 /* main.m in Sources */ = {isa = PBXBuildFile; fileRef = 84229BB11EC00DC70015DA95 /* main.m */; };
		84229BB51EC00DC70015DA95 /* AppDelegate.m in Sources */ = {isa = PBXBuildFile; fileRef = 84229BB41EC00DC70015DA95 /* AppDelegate.m */; };
		84229BB81EC00DC70015DA95 /* ViewController.m in Sources */ = {isa = PBXBuildFile; fileRef = 84229BB71EC00DC70015DA95 /* ViewController.m */; };
		84229BBB1EC00DC70015DA95 /* Main.storyboard in Resources */ = {isa = PBXBuildFile; fileRef = 84229BB91EC00DC70015DA95 /* Main.storyboard */; };
		84229BBD1EC00DC70015DA95 /* Assets.xcassets in Resources */ = {isa = PBXBuildFile; fileRef = 84229BBC1EC00DC70015DA95 /* Assets.xcassets */; };
		84229BC01EC00DC70015DA95 /* LaunchScreen.storyboard in Resources */ = {isa = PBXBuildFile; fileRef = 84229BBE1EC00DC70015DA95 /* LaunchScreen.storyboard */; };
		84229BCB1EC00DC70015DA95 /* ResponeChainTests.m in Sources */ = {isa = PBXBuildFile; fileRef = 84229BCA1EC00DC70015DA95 /* ResponeChainTests.m */; };
		84229BD61EC00DC70015DA95 /* ResponeChainUITests.m in Sources */ = {isa = PBXBuildFile; fileRef = 84229BD51EC00DC70015DA95 /* ResponeChainUITests.m */; };
		84229BE51EC00DFE0015DA95 /* UIResponder+ChainResponder.m in Sources */ = {isa = PBXBuildFile; fileRef = 84229BE41EC00DFE0015DA95 /* UIResponder+ChainResponder.m */; };
		84229BE91EC00EFF0015DA95 /* TableViewCell.m in Sources */ = {isa = PBXBuildFile; fileRef = 84229BE71EC00EFF0015DA95 /* TableViewCell.m */; };
		84229BEA1EC00EFF0015DA95 /* TableViewCell.xib in Resources */ = {isa = PBXBuildFile; fileRef = 84229BE81EC00EFF0015DA95 /* TableViewCell.xib */; };
/* End PBXBuildFile section */

/* Begin PBXContainerItemProxy section */
		84229BC71EC00DC70015DA95 /* PBXContainerItemProxy */ = {
			isa = PBXContainerItemProxy;
			containerPortal = 84229BA51EC00DC70015DA95 /* Project object */;
			proxyType = 1;
			remoteGlobalIDString = 84229BAC1EC00DC70015DA95;
			remoteInfo = ResponeChain;
		};
		84229BD21EC00DC70015DA95 /* PBXContainerItemProxy */ = {
			isa = PBXContainerItemProxy;
			containerPortal = 84229BA51EC00DC70015DA95 /* Project object */;
			proxyType = 1;
			remoteGlobalIDString = 84229BAC1EC00DC70015DA95;
			remoteInfo = ResponeChain;
		};
/* End PBXContainerItemProxy section */

/* Begin PBXFileReference section */
		84229BAD1EC00DC70015DA95 /* ResponeChain.app */ = {isa = PBXFileReference; explicitFileType = wrapper.application; includeInIndex = 0; path = ResponeChain.app; sourceTree = BUILT_PRODUCTS_DIR; };
		84229BB11EC00DC70015DA95 /* main.m */ = {isa = PBXFileReference; lastKnownFileType = sourcecode.c.objc; path = main.m; sourceTree = "<group>"; };
		84229BB31EC00DC70015DA95 /* AppDelegate.h */ = {isa = PBXFileReference; lastKnownFileType = sourcecode.c.h; path = AppDelegate.h; sourceTree = "<group>"; };
		84229BB41EC00DC70015DA95 /* AppDelegate.m */ = {isa = PBXFileReference; lastKnownFileType = sourcecode.c.objc; path = AppDelegate.m; sourceTree = "<group>"; };
		84229BB61EC00DC70015DA95 /* ViewController.h */ = {isa = PBXFileReference; lastKnownFileType = sourcecode.c.h; path = ViewController.h; sourceTree = "<group>"; };
		84229BB71EC00DC70015DA95 /* ViewController.m */ = {isa = PBXFileReference; lastKnownFileType = sourcecode.c.objc; path = ViewController.m; sourceTree = "<group>"; };
		84229BBA1EC00DC70015DA95 /* Base */ = {isa = PBXFileReference; lastKnownFileType = file.storyboard; name = Base; path = Base.lproj/Main.storyboard; sourceTree = "<group>"; };
		84229BBC1EC00DC70015DA95 /* Assets.xcassets */ = {isa = PBXFileReference; lastKnownFileType = folder.assetcatalog; path = Assets.xcassets; sourceTree = "<group>"; };
		84229BBF1EC00DC70015DA95 /* Base */ = {isa = PBXFileReference; lastKnownFileType = file.storyboard; name = Base; path = Base.lproj/LaunchScreen.storyboard; sourceTree = "<group>"; };
		84229BC11EC00DC70015DA95 /* Info.plist */ = {isa = PBXFileReference; lastKnownFileType = text.plist.xml; path = Info.plist; sourceTree = "<group>"; };
		84229BC61EC00DC70015DA95 /* ResponeChainTests.xctest */ = {isa = PBXFileReference; explicitFileType = wrapper.cfbundle; includeInIndex = 0; path = ResponeChainTests.xctest; sourceTree = BUILT_PRODUCTS_DIR; };
		84229BCA1EC00DC70015DA95 /* ResponeChainTests.m */ = {isa = PBXFileReference; lastKnownFileType = sourcecode.c.objc; path = ResponeChainTests.m; sourceTree = "<group>"; };
		84229BCC1EC00DC70015DA95 /* Info.plist */ = {isa = PBXFileReference; lastKnownFileType = text.plist.xml; path = Info.plist; sourceTree = "<group>"; };
		84229BD11EC00DC70015DA95 /* ResponeChainUITests.xctest */ = {isa = PBXFileReference; explicitFileType = wrapper.cfbundle; includeInIndex = 0; path = ResponeChainUITests.xctest; sourceTree = BUILT_PRODUCTS_DIR; };
		84229BD51EC00DC70015DA95 /* ResponeChainUITests.m */ = {isa = PBXFileReference; lastKnownFileType = sourcecode.c.objc; path = ResponeChainUITests.m; sourceTree = "<group>"; };
		84229BD71EC00DC70015DA95 /* Info.plist */ = {isa = PBXFileReference; lastKnownFileType = text.plist.xml; path = Info.plist; sourceTree = "<group>"; };
		84229BE31EC00DFE0015DA95 /* UIResponder+ChainResponder.h */ = {isa = PBXFileReference; fileEncoding = 4; lastKnownFileType = sourcecode.c.h; path = "UIResponder+ChainResponder.h"; sourceTree = "<group>"; };
		84229BE41EC00DFE0015DA95 /* UIResponder+ChainResponder.m */ = {isa = PBXFileReference; fileEncoding = 4; lastKnownFileType = sourcecode.c.objc; path = "UIResponder+ChainResponder.m"; sourceTree = "<group>"; };
		84229BE61EC00EFF0015DA95 /* TableViewCell.h */ = {isa = PBXFileReference; fileEncoding = 4; lastKnownFileType = sourcecode.c.h; path = TableViewCell.h; sourceTree = "<group>"; };
		84229BE71EC00EFF0015DA95 /* TableViewCell.m */ = {isa = PBXFileReference; fileEncoding = 4; lastKnownFileType = sourcecode.c.objc; path = TableViewCell.m; sourceTree = "<group>"; };
		84229BE81EC00EFF0015DA95 /* TableViewCell.xib */ = {isa = PBXFileReference; fileEncoding = 4; lastKnownFileType = file.xib; path = TableViewCell.xib; sourceTree = "<group>"; };
/* End PBXFileReference section */

/* Begin PBXFrameworksBuildPhase section */
		84229BAA1EC00DC70015DA95 /* Frameworks */ = {
			isa = PBXFrameworksBuildPhase;
			buildActionMask = 2147483647;
			files = (
			);
			runOnlyForDeploymentPostprocessing = 0;
		};
		84229BC31EC00DC70015DA95 /* Frameworks */ = {
			isa = PBXFrameworksBuildPhase;
			buildActionMask = 2147483647;
			files = (
			);
			runOnlyForDeploymentPostprocessing = 0;
		};
		84229BCE1EC00DC70015DA95 /* Frameworks */ = {
			isa = PBXFrameworksBuildPhase;
			buildActionMask = 2147483647;
			files = (
			);
			runOnlyForDeploymentPostprocessing = 0;
		};
/* End PBXFrameworksBuildPhase section */

/* Begin PBXGroup section */
		84229BA41EC00DC70015DA95 = {
			isa = PBXGroup;
			children = (
				84229BAF1EC00DC70015DA95 /* ResponeChain */,
				84229BC91EC00DC70015DA95 /* ResponeChainTests */,
				84229BD41EC00DC70015DA95 /* ResponeChainUITests */,
				84229BAE1EC00DC70015DA95 /* Products */,
			);
			sourceTree = "<group>";
		};
		84229BAE1EC00DC70015DA95 /* Products */ = {
			isa = PBXGroup;
			children = (
				84229BAD1EC00DC70015DA95 /* ResponeChain.app */,
				84229BC61EC00DC70015DA95 /* ResponeChainTests.xctest */,
				84229BD11EC00DC70015DA95 /* ResponeChainUITests.xctest */,
			);
			name = Products;
			sourceTree = "<group>";
		};
		84229BAF1EC00DC70015DA95 /* ResponeChain */ = {
			isa = PBXGroup;
			children = (
				84229BB31EC00DC70015DA95 /* AppDelegate.h */,
				84229BB41EC00DC70015DA95 /* AppDelegate.m */,
				84229BB61EC00DC70015DA95 /* ViewController.h */,
				84229BB71EC00DC70015DA95 /* ViewController.m */,
				84229BE61EC00EFF0015DA95 /* TableViewCell.h */,
				84229BE71EC00EFF0015DA95 /* TableViewCell.m */,
				84229BE81EC00EFF0015DA95 /* TableViewCell.xib */,
				84229BE31EC00DFE0015DA95 /* UIResponder+ChainResponder.h */,
				84229BE41EC00DFE0015DA95 /* UIResponder+ChainResponder.m */,
				84229BB91EC00DC70015DA95 /* Main.storyboard */,
				84229BBC1EC00DC70015DA95 /* Assets.xcassets */,
				84229BBE1EC00DC70015DA95 /* LaunchScreen.storyboard */,
				84229BC11EC00DC70015DA95 /* Info.plist */,
				84229BB01EC00DC70015DA95 /* Supporting Files */,
			);
			path = ResponeChain;
			sourceTree = "<group>";
		};
		84229BB01EC00DC70015DA95 /* Supporting Files */ = {
			isa = PBXGroup;
			children = (
				84229BB11EC00DC70015DA95 /* main.m */,
			);
			name = "Supporting Files";
			sourceTree = "<group>";
		};
		84229BC91EC00DC70015DA95 /* ResponeChainTests */ = {
			isa = PBXGroup;
			children = (
				84229BCA1EC00DC70015DA95 /* ResponeChainTests.m */,
				84229BCC1EC00DC70015DA95 /* Info.plist */,
			);
			path = ResponeChainTests;
			sourceTree = "<group>";
		};
		84229BD41EC00DC70015DA95 /* ResponeChainUITests */ = {
			isa = PBXGroup;
			children = (
				84229BD51EC00DC70015DA95 /* ResponeChainUITests.m */,
				84229BD71EC00DC70015DA95 /* Info.plist */,
			);
			path = ResponeChainUITests;
			sourceTree = "<group>";
		};
/* End PBXGroup section */

/* Begin PBXNativeTarget section */
		84229BAC1EC00DC70015DA95 /* ResponeChain */ = {
			isa = PBXNativeTarget;
			buildConfigurationList = 84229BDA1EC00DC70015DA95 /* Build configuration list for PBXNativeTarget "ResponeChain" */;
			buildPhases = (
				84229BA91EC00DC70015DA95 /* Sources */,
				84229BAA1EC00DC70015DA95 /* Frameworks */,
				84229BAB1EC00DC70015DA95 /* Resources */,
			);
			buildRules = (
			);
			dependencies = (
			);
			name = ResponeChain;
			productName = ResponeChain;
			productReference = 84229BAD1EC00DC70015DA95 /* ResponeChain.app */;
			productType = "com.apple.product-type.application";
		};
		84229BC51EC00DC70015DA95 /* ResponeChainTests */ = {
			isa = PBXNativeTarget;
			buildConfigurationList = 84229BDD1EC00DC70015DA95 /* Build configuration list for PBXNativeTarget "ResponeChainTests" */;
			buildPhases = (
				84229BC21EC00DC70015DA95 /* Sources */,
				84229BC31EC00DC70015DA95 /* Frameworks */,
				84229BC41EC00DC70015DA95 /* Resources */,
			);
			buildRules = (
			);
			dependencies = (
				84229BC81EC00DC70015DA95 /* PBXTargetDependency */,
			);
			name = ResponeChainTests;
			productName = ResponeChainTests;
			productReference = 84229BC61EC00DC70015DA95 /* ResponeChainTests.xctest */;
			productType = "com.apple.product-type.bundle.unit-test";
		};
		84229BD01EC00DC70015DA95 /* ResponeChainUITests */ = {
			isa = PBXNativeTarget;
			buildConfigurationList = 84229BE01EC00DC70015DA95 /* Build configuration list for PBXNativeTarget "ResponeChainUITests" */;
			buildPhases = (
				84229BCD1EC00DC70015DA95 /* Sources */,
				84229BCE1EC00DC70015DA95 /* Frameworks */,
				84229BCF1EC00DC70015DA95 /* Resources */,
			);
			buildRules = (
			);
			dependencies = (
				84229BD31EC00DC70015DA95 /* PBXTargetDependency */,
			);
			name = ResponeChainUITests;
			productName = ResponeChainUITests;
			productReference = 84229BD11EC00DC70015DA95 /* ResponeChainUITests.xctest */;
			productType = "com.apple.product-type.bundle.ui-testing";
		};
/* End PBXNativeTarget section */

/* Begin PBXProject section */
		84229BA51EC00DC70015DA95 /* Project object */ = {
			isa = PBXProject;
			attributes = {
				LastUpgradeCheck = 0830;
				ORGANIZATIONNAME = xll;
				TargetAttributes = {
					84229BAC1EC00DC70015DA95 = {
						CreatedOnToolsVersion = 8.3.2;
						DevelopmentTeam = 49E7GW8VV9;
						ProvisioningStyle = Automatic;
					};
					84229BC51EC00DC70015DA95 = {
						CreatedOnToolsVersion = 8.3.2;
						ProvisioningStyle = Automatic;
						TestTargetID = 84229BAC1EC00DC70015DA95;
					};
					84229BD01EC00DC70015DA95 = {
						CreatedOnToolsVersion = 8.3.2;
						ProvisioningStyle = Automatic;
						TestTargetID = 84229BAC1EC00DC70015DA95;
					};
				};
			};
			buildConfigurationList = 84229BA81EC00DC70015DA95 /* Build configuration list for PBXProject "ResponeChain" */;
			compatibilityVersion = "Xcode 3.2";
			developmentRegion = English;
			hasScannedForEncodings = 0;
			knownRegions = (
				en,
				Base,
			);
			mainGroup = 84229BA41EC00DC70015DA95;
			productRefGroup = 84229BAE1EC00DC70015DA95 /* Products */;
			projectDirPath = "";
			projectRoot = "";
			targets = (
				84229BAC1EC00DC70015DA95 /* ResponeChain */,
				84229BC51EC00DC70015DA95 /* ResponeChainTests */,
				84229BD01EC00DC70015DA95 /* ResponeChainUITests */,
			);
		};
/* End PBXProject section */

/* Begin PBXResourcesBuildPhase section */
		84229BAB1EC00DC70015DA95 /* Resources */ = {
			isa = PBXResourcesBuildPhase;
			buildActionMask = 2147483647;
			files = (
				84229BC01EC00DC70015DA95 /* LaunchScreen.storyboard in Resources */,
				84229BEA1EC00EFF0015DA95 /* TableViewCell.xib in Resources */,
				84229BBD1EC00DC70015DA95 /* Assets.xcassets in Resources */,
				84229BBB1EC00DC70015DA95 /* Main.storyboard in Resources */,
			);
			runOnlyForDeploymentPostprocessing = 0;
		};
		84229BC41EC00DC70015DA95 /* Resources */ = {
			isa = PBXResourcesBuildPhase;
			buildActionMask = 2147483647;
			files = (
			);
			runOnlyForDeploymentPostprocessing = 0;
		};
		84229BCF1EC00DC70015DA95 /* Resources */ = {
			isa = PBXResourcesBuildPhase;
			buildActionMask = 2147483647;
			files = (
			);
			runOnlyForDeploymentPostprocessing = 0;
		};
/* End PBXResourcesBuildPhase section */

/* Begin PBXSourcesBuildPhase section */
		84229BA91EC00DC70015DA95 /* Sources */ = {
			isa = PBXSourcesBuildPhase;
			buildActionMask = 2147483647;
			files = (
				84229BB81EC00DC70015DA95 /* ViewController.m in Sources */,
				84229BB51EC00DC70015DA95 /* AppDelegate.m in Sources */,
				84229BB21EC00DC70015DA95 /* main.m in Sources */,
				84229BE91EC00EFF0015DA95 /* TableViewCell.m in Sources */,
				84229BE51EC00DFE0015DA95 /* UIResponder+ChainResponder.m in Sources */,
			);
			runOnlyForDeploymentPostprocessing = 0;
		};
		84229BC21EC00DC70015DA95 /* Sources */ = {
			isa = PBXSourcesBuildPhase;
			buildActionMask = 2147483647;
			files = (
				84229BCB1EC00DC70015DA95 /* ResponeChainTests.m in Sources */,
			);
			runOnlyForDeploymentPostprocessing = 0;
		};
		84229BCD1EC00DC70015DA95 /* Sources */ = {
			isa = PBXSourcesBuildPhase;
			buildActionMask = 2147483647;
			files = (
				84229BD61EC00DC70015DA95 /* ResponeChainUITests.m in Sources */,
			);
			runOnlyForDeploymentPostprocessing = 0;
		};
/* End PBXSourcesBuildPhase section */

/* Begin PBXTargetDependency section */
		84229BC81EC00DC70015DA95 /* PBXTargetDependency */ = {
			isa = PBXTargetDependency;
			target = 84229BAC1EC00DC70015DA95 /* ResponeChain */;
			targetProxy = 84229BC71EC00DC70015DA95 /* PBXContainerItemProxy */;
		};
		84229BD31EC00DC70015DA95 /* PBXTargetDependency */ = {
			isa = PBXTargetDependency;
			target = 84229BAC1EC00DC70015DA95 /* ResponeChain */;
			targetProxy = 84229BD21EC00DC70015DA95 /* PBXContainerItemProxy */;
		};
/* End PBXTargetDependency section */

/* Begin PBXVariantGroup section */
		84229BB91EC00DC70015DA95 /* Main.storyboard */ = {
			isa = PBXVariantGroup;
			children = (
				84229BBA1EC00DC70015DA95 /* Base */,
			);
			name = Main.storyboard;
			sourceTree = "<group>";
		};
		84229BBE1EC00DC70015DA95 /* LaunchScreen.storyboard */ = {
			isa = PBXVariantGroup;
			children = (
				84229BBF1EC00DC70015DA95 /* Base */,
			);
			name = LaunchScreen.storyboard;
			sourceTree = "<group>";
		};
/* End PBXVariantGroup section */

/* Begin XCBuildConfiguration section */
		84229BD81EC00DC70015DA95 /* Debug */ = {
			isa = XCBuildConfiguration;
			buildSettings = {
				ALWAYS_SEARCH_USER_PATHS = NO;
				CLANG_ANALYZER_NONNULL = YES;
				CLANG_ANALYZER_NUMBER_OBJECT_CONVERSION = YES_AGGRESSIVE;
				CLANG_CXX_LANGUAGE_STANDARD = "gnu++0x";
				CLANG_CXX_LIBRARY = "libc++";
				CLANG_ENABLE_MODULES = YES;
				CLANG_ENABLE_OBJC_ARC = YES;
				CLANG_WARN_BOOL_CONVERSION = YES;
				CLANG_WARN_CONSTANT_CONVERSION = YES;
				CLANG_WARN_DIRECT_OBJC_ISA_USAGE = YES_ERROR;
				CLANG_WARN_DOCUMENTATION_COMMENTS = YES;
				CLANG_WARN_EMPTY_BODY = YES;
				CLANG_WARN_ENUM_CONVERSION = YES;
				CLANG_WARN_INFINITE_RECURSION = YES;
				CLANG_WARN_INT_CONVERSION = YES;
				CLANG_WARN_OBJC_ROOT_CLASS = YES_ERROR;
				CLANG_WARN_SUSPICIOUS_MOVE = YES;
				CLANG_WARN_UNREACHABLE_CODE = YES;
				CLANG_WARN__DUPLICATE_METHOD_MATCH = YES;
				"CODE_SIGN_IDENTITY[sdk=iphoneos*]" = "iPhone Developer";
				COPY_PHASE_STRIP = NO;
				DEBUG_INFORMATION_FORMAT = dwarf;
				ENABLE_STRICT_OBJC_MSGSEND = YES;
				ENABLE_TESTABILITY = YES;
				GCC_C_LANGUAGE_STANDARD = gnu99;
				GCC_DYNAMIC_NO_PIC = NO;
				GCC_NO_COMMON_BLOCKS = YES;
				GCC_OPTIMIZATION_LEVEL = 0;
				GCC_PREPROCESSOR_DEFINITIONS = (
					"DEBUG=1",
					"$(inherited)",
				);
				GCC_WARN_64_TO_32_BIT_CONVERSION = YES;
				GCC_WARN_ABOUT_RETURN_TYPE = YES_ERROR;
				GCC_WARN_UNDECLARED_SELECTOR = YES;
				GCC_WARN_UNINITIALIZED_AUTOS = YES_AGGRESSIVE;
				GCC_WARN_UNUSED_FUNCTION = YES;
				GCC_WARN_UNUSED_VARIABLE = YES;
				IPHONEOS_DEPLOYMENT_TARGET = 10.3;
				MTL_ENABLE_DEBUG_INFO = YES;
				ONLY_ACTIVE_ARCH = YES;
				SDKROOT = iphoneos;
			};
			name = Debug;
		};
		84229BD91EC00DC70015DA95 /* Release */ = {
			isa = XCBuildConfiguration;
			buildSettings = {
				ALWAYS_SEARCH_USER_PATHS = NO;
				CLANG_ANALYZER_NONNULL = YES;
				CLANG_ANALYZER_NUMBER_OBJECT_CONVERSION = YES_AGGRESSIVE;
				CLANG_CXX_LANGUAGE_STANDARD = "gnu++0x";
				CLANG_CXX_LIBRARY = "libc++";
				CLANG_ENABLE_MODULES = YES;
				CLANG_ENABLE_OBJC_ARC = YES;
				CLANG_WARN_BOOL_CONVERSION = YES;
				CLANG_WARN_CONSTANT_CONVERSION = YES;
				CLANG_WARN_DIRECT_OBJC_ISA_USAGE = YES_ERROR;
				CLANG_WARN_DOCUMENTATION_COMMENTS = YES;
				CLANG_WARN_EMPTY_BODY = YES;
				CLANG_WARN_ENUM_CONVERSION = YES;
				CLANG_WARN_INFINITE_RECURSION = YES;
				CLANG_WARN_INT_CONVERSION = YES;
				CLANG_WARN_OBJC_ROOT_CLASS = YES_ERROR;
				CLANG_WARN_SUSPICIOUS_MOVE = YES;
				CLANG_WARN_UNREACHABLE_CODE = YES;
				CLANG_WARN__DUPLICATE_METHOD_MATCH = YES;
				"CODE_SIGN_IDENTITY[sdk=iphoneos*]" = "iPhone Developer";
				COPY_PHASE_STRIP = NO;
				DEBUG_INFORMATION_FORMAT = "dwarf-with-dsym";
				ENABLE_NS_ASSERTIONS = NO;
				ENABLE_STRICT_OBJC_MSGSEND = YES;
				GCC_C_LANGUAGE_STANDARD = gnu99;
				GCC_NO_COMMON_BLOCKS = YES;
				GCC_WARN_64_TO_32_BIT_CONVERSION = YES;
				GCC_WARN_ABOUT_RETURN_TYPE = YES_ERROR;
				GCC_WARN_UNDECLARED_SELECTOR = YES;
				GCC_WARN_UNINITIALIZED_AUTOS = YES_AGGRESSIVE;
				GCC_WARN_UNUSED_FUNCTION = YES;
				GCC_WARN_UNUSED_VARIABLE = YES;
				IPHONEOS_DEPLOYMENT_TARGET = 10.3;
				MTL_ENABLE_DEBUG_INFO = NO;
				SDKROOT = iphoneos;
				VALIDATE_PRODUCT = YES;
			};
			name = Release;
		};
		84229BDB1EC00DC70015DA95 /* Debug */ = {
			isa = XCBuildConfiguration;
			buildSettings = {
				ASSETCATALOG_COMPILER_APPICON_NAME = AppIcon;
				DEVELOPMENT_TEAM = 49E7GW8VV9;
				INFOPLIST_FILE = ResponeChain/Info.plist;
				LD_RUNPATH_SEARCH_PATHS = "$(inherited) @executable_path/Frameworks";
				PRODUCT_BUNDLE_IDENTIFIER = com.xll.ResponeChain;
				PRODUCT_NAME = "$(TARGET_NAME)";
			};
			name = Debug;
		};
		84229BDC1EC00DC70015DA95 /* Release */ = {
			isa = XCBuildConfiguration;
			buildSettings = {
				ASSETCATALOG_COMPILER_APPICON_NAME = AppIcon;
				DEVELOPMENT_TEAM = 49E7GW8VV9;
				INFOPLIST_FILE = ResponeChain/Info.plist;
				LD_RUNPATH_SEARCH_PATHS = "$(inherited) @executable_path/Frameworks";
				PRODUCT_BUNDLE_IDENTIFIER = com.xll.ResponeChain;
				PRODUCT_NAME = "$(TARGET_NAME)";
			};
			name = Release;
		};
		84229BDE1EC00DC70015DA95 /* Debug */ = {
			isa = XCBuildConfiguration;
			buildSettings = {
				BUNDLE_LOADER = "$(TEST_HOST)";
				INFOPLIST_FILE = ResponeChainTests/Info.plist;
				LD_RUNPATH_SEARCH_PATHS = "$(inherited) @executable_path/Frameworks @loader_path/Frameworks";
				PRODUCT_BUNDLE_IDENTIFIER = com.xll.ResponeChainTests;
				PRODUCT_NAME = "$(TARGET_NAME)";
				TEST_HOST = "$(BUILT_PRODUCTS_DIR)/ResponeChain.app/ResponeChain";
			};
			name = Debug;
		};
		84229BDF1EC00DC70015DA95 /* Release */ = {
			isa = XCBuildConfiguration;
			buildSettings = {
				BUNDLE_LOADER = "$(TEST_HOST)";
				INFOPLIST_FILE = ResponeChainTests/Info.plist;
				LD_RUNPATH_SEARCH_PATHS = "$(inherited) @executable_path/Frameworks @loader_path/Frameworks";
				PRODUCT_BUNDLE_IDENTIFIER = com.xll.ResponeChainTests;
				PRODUCT_NAME = "$(TARGET_NAME)";
				TEST_HOST = "$(BUILT_PRODUCTS_DIR)/ResponeChain.app/ResponeChain";
			};
			name = Release;
		};
		84229BE11EC00DC70015DA95 /* Debug */ = {
			isa = XCBuildConfiguration;
			buildSettings = {
				INFOPLIST_FILE = ResponeChainUITests/Info.plist;
				LD_RUNPATH_SEARCH_PATHS = "$(inherited) @executable_path/Frameworks @loader_path/Frameworks";
				PRODUCT_BUNDLE_IDENTIFIER = com.xll.ResponeChainUITests;
				PRODUCT_NAME = "$(TARGET_NAME)";
				TEST_TARGET_NAME = ResponeChain;
			};
			name = Debug;
		};
		84229BE21EC00DC70015DA95 /* Release */ = {
			isa = XCBuildConfiguration;
			buildSettings = {
				INFOPLIST_FILE = ResponeChainUITests/Info.plist;
				LD_RUNPATH_SEARCH_PATHS = "$(inherited) @executable_path/Frameworks @loader_path/Frameworks";
				PRODUCT_BUNDLE_IDENTIFIER = com.xll.ResponeChainUITests;
				PRODUCT_NAME = "$(TARGET_NAME)";
				TEST_TARGET_NAME = ResponeChain;
			};
			name = Release;
		};
/* End XCBuildConfiguration section */

/* Begin XCConfigurationList section */
		84229BA81EC00DC70015DA95 /* Build configuration list for PBXProject "ResponeChain" */ = {
			isa = XCConfigurationList;
			buildConfigurations = (
				84229BD81EC00DC70015DA95 /* Debug */,
				84229BD91EC00DC70015DA95 /* Release */,
			);
			defaultConfigurationIsVisible = 0;
			defaultConfigurationName = Release;
		};
		84229BDA1EC00DC70015DA95 /* Build configuration list for PBXNativeTarget "ResponeChain" */ = {
			isa = XCConfigurationList;
			buildConfigurations = (
				84229BDB1EC00DC70015DA95 /* Debug */,
				84229BDC1EC00DC70015DA95 /* Release */,
			);
			defaultConfigurationIsVisible = 0;
		};
		84229BDD1EC00DC70015DA95 /* Build configuration list for PBXNativeTarget "ResponeChainTests" */ = {
			isa = XCConfigurationList;
			buildConfigurations = (
				84229BDE1EC00DC70015DA95 /* Debug */,
				84229BDF1EC00DC70015DA95 /* Release */,
			);
			defaultConfigurationIsVisible = 0;
		};
		84229BE01EC00DC70015DA95 /* Build configuration list for PBXNativeTarget "ResponeChainUITests" */ = {
			isa = XCConfigurationList;
			buildConfigurations = (
				84229BE11EC00DC70015DA95 /* Debug */,
				84229BE21EC00DC70015DA95 /* Release */,
			);
			defaultConfigurationIsVisible = 0;
		};
/* End XCConfigurationList section */
	};
	rootObject = 84229BA51EC00DC70015DA95 /* Project object */;
}
